
Microsoft Visual Studio Solution File, Format Version 12.00
# Visual Studio Version 17
VisualStudioVersion = 17.5.002.0
MinimumVisualStudioVersion = 10.0.40219.1
Project("{9A19103F-16F7-4668-BE54-9A1E7A4F7556}") = "SmoothOperator", "SmoothOperator\SmoothOperator.csproj", "{3D1AA1ED-1434-416E-88EE-6FB43E5F185A}"
EndProject
Project("{FAE04EC0-301F-11D3-BF4B-00C04F79EFBC}") = "Cilindro", "Cilindro\Cilindro.csproj", "{E3EE79B7-847D-4B7A-B76F-DBE6D22B6AC4}"
EndProject
Project("{FAE04EC0-301F-11D3-BF4B-00C04F79EFBC}") = "ValoresEspeciais", "ValoresEspeciais\ValoresEspeciais.csproj", "{E5D4795C-4316-496A-9484-898879AF6BE8}"
EndProject
Project("{FAE04EC0-301F-11D3-BF4B-00C04F79EFBC}") = "ChatGPTZero", "ChatGPTZero\ChatGPTZero.csproj", "{A80632C7-1100-403E-80BE-B6DEE5211845}"
EndProject
Project("{FAE04EC0-301F-11D3-BF4B-00C04F79EFBC}") = "BreakContinue", "BreakContinue\BreakContinue.csproj", "{F9D03541-57A1-4A37-988C-D1CB8CC7C026}"
EndProject
Project("{FAE04EC0-301F-11D3-BF4B-00C04F79EFBC}") = "ChatGPTOne", "ChatGPTOne\ChatGPTOne.csproj", "{9A7517A2-D50D-4F2F-81CC-7ABCA248A8E2}"
EndProject
Global
	GlobalSection(SolutionConfigurationPlatforms) = preSolution
		Debug|Any CPU = Debug|Any CPU
		Release|Any CPU = Release|Any CPU
	EndGlobalSection
	GlobalSection(ProjectConfigurationPlatforms) = postSolution
		{3D1AA1ED-1434-416E-88EE-6FB43E5F185A}.Debug|Any CPU.ActiveCfg = Debug|Any CPU
		{3D1AA1ED-1434-416E-88EE-6FB43E5F185A}.Debug|Any CPU.Build.0 = Debug|Any CPU
		{3D1AA1ED-1434-416E-88EE-6FB43E5F185A}.Release|Any CPU.ActiveCfg = Release|Any CPU
		{3D1AA1ED-1434-416E-88EE-6FB43E5F185A}.Release|Any CPU.Build.0 = Release|Any CPU
		{E3EE79B7-847D-4B7A-B76F-DBE6D22B6AC4}.Debug|Any CPU.ActiveCfg = Debug|Any CPU
		{E3EE79B7-847D-4B7A-B76F-DBE6D22B6AC4}.Debug|Any CPU.Build.0 = Debug|Any CPU
		{E3EE79B7-847D-4B7A-B76F-DBE6D22B6AC4}.Release|Any CPU.ActiveCfg = Release|Any CPU
		{E3EE79B7-847D-4B7A-B76F-DBE6D22B6AC4}.Release|Any CPU.Build.0 = Release|Any CPU
		{E5D4795C-4316-496A-9484-898879AF6BE8}.Debug|Any CPU.ActiveCfg = Debug|Any CPU
		{E5D4795C-4316-496A-9484-898879AF6BE8}.Debug|Any CPU.Build.0 = Debug|Any CPU
		{E5D4795C-4316-496A-9484-898879AF6BE8}.Release|Any CPU.ActiveCfg = Release|Any CPU
		{E5D4795C-4316-496A-9484-898879AF6BE8}.Release|Any CPU.Build.0 = Release|Any CPU
		{A80632C7-1100-403E-80BE-B6DEE5211845}.Debug|Any CPU.ActiveCfg = Debug|Any CPU
		{A80632C7-1100-403E-80BE-B6DEE5211845}.Debug|Any CPU.Build.0 = Debug|Any CPU
		{A80632C7-1100-403E-80BE-B6DEE5211845}.Release|Any CPU.ActiveCfg = Release|Any CPU
		{A80632C7-1100-403E-80BE-B6DEE5211845}.Release|Any CPU.Build.0 = Release|Any CPU
		{F9D03541-57A1-4A37-988C-D1CB8CC7C026}.Debug|Any CPU.ActiveCfg = Debug|Any CPU
		{F9D03541-57A1-4A37-988C-D1CB8CC7C026}.Debug|Any CPU.Build.0 = Debug|Any CPU
		{F9D03541-57A1-4A37-988C-D1CB8CC7C026}.Release|Any CPU.ActiveCfg = Release|Any CPU
		{F9D03541-57A1-4A37-988C-D1CB8CC7C026}.Release|Any CPU.Build.0 = Release|Any CPU
		{9A7517A2-D50D-4F2F-81CC-7ABCA248A8E2}.Debug|Any CPU.ActiveCfg = Debug|Any CPU
		{9A7517A2-D50D-4F2F-81CC-7ABCA248A8E2}.Debug|Any CPU.Build.0 = Debug|Any CPU
		{9A7517A2-D50D-4F2F-81CC-7ABCA248A8E2}.Release|Any CPU.ActiveCfg = Release|Any CPU
		{9A7517A2-D50D-4F2F-81CC-7ABCA248A8E2}.Release|Any CPU.Build.0 = Release|Any CPU
	EndGlobalSection
	GlobalSection(SolutionProperties) = preSolution
		HideSolutionNode = FALSE
	EndGlobalSection
	GlobalSection(ExtensibilityGlobals) = postSolution
		SolutionGuid = {EF9F93D1-9C1C-4DA3-A78F-C04EBEFB8904}
	EndGlobalSection
EndGlobal
